
Microsoft Visual Studio Solution File, Format Version 12.00
# Visual Studio Version 17
VisualStudioVersion = 17.3.32929.385
MinimumVisualStudioVersion = 10.0.40219.1
Project("{2150E333-8FDC-42A3-9474-1A3956D46DE8}") = "Core", "Core", "{4800ABBE-F3AA-4224-BD6D-25B8117A48E2}"
EndProject
Project("{9A19103F-16F7-4668-BE54-9A1E7A4F7556}") = "ECommerce.Domain", "Core\ECommerce.Domain\ECommerce.Domain.csproj", "{55B4C05A-6C51-4197-9B62-46966B81AE79}"
EndProject
Project("{9A19103F-16F7-4668-BE54-9A1E7A4F7556}") = "ECommerce.Application", "Core\ECommerce.Application\ECommerce.Application.csproj", "{F38C3455-14C6-4B62-ABBF-555C4342F8BF}"
EndProject
Project("{2150E333-8FDC-42A3-9474-1A3956D46DE8}") = "Infrastructure", "Infrastructure", "{C44FF5D3-0FAF-408D-8460-AA70A305AF38}"
EndProject
Project("{9A19103F-16F7-4668-BE54-9A1E7A4F7556}") = "ECommerce.Infrastructure", "Infrastructure\ECommerce.Infrastructure\ECommerce.Infrastructure.csproj", "{18CF1D8D-4D69-4249-841F-2A44F614017A}"
EndProject
Project("{9A19103F-16F7-4668-BE54-9A1E7A4F7556}") = "ECommerce.Persistence", "Infrastructure\ECommerce.Persistence\ECommerce.Persistence.csproj", "{DA846A02-C2B3-4000-9FC1-7D771B07C4CA}"
EndProject
Project("{2150E333-8FDC-42A3-9474-1A3956D46DE8}") = "Presentation", "Presentation", "{7A2FD891-59A2-4DF4-B560-89BE96ACF210}"
EndProject
Project("{9A19103F-16F7-4668-BE54-9A1E7A4F7556}") = "ECommerce.API", "Presentation\ECommerce.API\ECommerce.API.csproj", "{118CAAF2-BCEF-48FB-9D4D-D0EE63EC18FE}"
EndProject
Global
	GlobalSection(SolutionConfigurationPlatforms) = preSolution
		Debug|Any CPU = Debug|Any CPU
		Release|Any CPU = Release|Any CPU
	EndGlobalSection
	GlobalSection(ProjectConfigurationPlatforms) = postSolution
		{55B4C05A-6C51-4197-9B62-46966B81AE79}.Debug|Any CPU.ActiveCfg = Debug|Any CPU
		{55B4C05A-6C51-4197-9B62-46966B81AE79}.Debug|Any CPU.Build.0 = Debug|Any CPU
		{55B4C05A-6C51-4197-9B62-46966B81AE79}.Release|Any CPU.ActiveCfg = Release|Any CPU
		{55B4C05A-6C51-4197-9B62-46966B81AE79}.Release|Any CPU.Build.0 = Release|Any CPU
		{F38C3455-14C6-4B62-ABBF-555C4342F8BF}.Debug|Any CPU.ActiveCfg = Debug|Any CPU
		{F38C3455-14C6-4B62-ABBF-555C4342F8BF}.Debug|Any CPU.Build.0 = Debug|Any CPU
		{F38C3455-14C6-4B62-ABBF-555C4342F8BF}.Release|Any CPU.ActiveCfg = Release|Any CPU
		{F38C3455-14C6-4B62-ABBF-555C4342F8BF}.Release|Any CPU.Build.0 = Release|Any CPU
		{18CF1D8D-4D69-4249-841F-2A44F614017A}.Debug|Any CPU.ActiveCfg = Debug|Any CPU
		{18CF1D8D-4D69-4249-841F-2A44F614017A}.Debug|Any CPU.Build.0 = Debug|Any CPU
		{18CF1D8D-4D69-4249-841F-2A44F614017A}.Release|Any CPU.ActiveCfg = Release|Any CPU
		{18CF1D8D-4D69-4249-841F-2A44F614017A}.Release|Any CPU.Build.0 = Release|Any CPU
		{DA846A02-C2B3-4000-9FC1-7D771B07C4CA}.Debug|Any CPU.ActiveCfg = Debug|Any CPU
		{DA846A02-C2B3-4000-9FC1-7D771B07C4CA}.Debug|Any CPU.Build.0 = Debug|Any CPU
		{DA846A02-C2B3-4000-9FC1-7D771B07C4CA}.Release|Any CPU.ActiveCfg = Release|Any CPU
		{DA846A02-C2B3-4000-9FC1-7D771B07C4CA}.Release|Any CPU.Build.0 = Release|Any CPU
		{118CAAF2-BCEF-48FB-9D4D-D0EE63EC18FE}.Debug|Any CPU.ActiveCfg = Debug|Any CPU
		{118CAAF2-BCEF-48FB-9D4D-D0EE63EC18FE}.Debug|Any CPU.Build.0 = Debug|Any CPU
		{118CAAF2-BCEF-48FB-9D4D-D0EE63EC18FE}.Release|Any CPU.ActiveCfg = Release|Any CPU
		{118CAAF2-BCEF-48FB-9D4D-D0EE63EC18FE}.Release|Any CPU.Build.0 = Release|Any CPU
	EndGlobalSection
	GlobalSection(SolutionProperties) = preSolution
		HideSolutionNode = FALSE
	EndGlobalSection
	GlobalSection(NestedProjects) = preSolution
		{55B4C05A-6C51-4197-9B62-46966B81AE79} = {4800ABBE-F3AA-4224-BD6D-25B8117A48E2}
		{F38C3455-14C6-4B62-ABBF-555C4342F8BF} = {4800ABBE-F3AA-4224-BD6D-25B8117A48E2}
		{18CF1D8D-4D69-4249-841F-2A44F614017A} = {C44FF5D3-0FAF-408D-8460-AA70A305AF38}
		{DA846A02-C2B3-4000-9FC1-7D771B07C4CA} = {C44FF5D3-0FAF-408D-8460-AA70A305AF38}
		{118CAAF2-BCEF-48FB-9D4D-D0EE63EC18FE} = {7A2FD891-59A2-4DF4-B560-89BE96ACF210}
	EndGlobalSection
	GlobalSection(ExtensibilityGlobals) = postSolution
		SolutionGuid = {97628D8D-19BC-4692-B13F-D8E37934C13C}
	EndGlobalSection
EndGlobal
