
Microsoft Visual Studio Solution File, Format Version 12.00
# Visual Studio Version 17
VisualStudioVersion = 17.10.35201.131
MinimumVisualStudioVersion = 10.0.40219.1
Project("{9A19103F-16F7-4668-BE54-9A1E7A4F7556}") = "WebApi", "WebApi\WebApi.csproj", "{67657C99-D766-4FD3-BE83-1E0E4E67E04F}"
EndProject
Project("{FAE04EC0-301F-11D3-BF4B-00C04F79EFBC}") = "Persistence", "Persistence\Persistence.csproj", "{8595667C-DD34-40F4-B271-B49CDE9DED9C}"
EndProject
Project("{FAE04EC0-301F-11D3-BF4B-00C04F79EFBC}") = "Domain", "Domain\Domain.csproj", "{4190537B-430F-4CC1-B3D6-A7F2B7CC42EC}"
EndProject
Project("{FAE04EC0-301F-11D3-BF4B-00C04F79EFBC}") = "Application", "Application\Application.csproj", "{DD0DFEB2-CC9A-4348-886A-3926ADD1F838}"
EndProject
Project("{FAE04EC0-301F-11D3-BF4B-00C04F79EFBC}") = "Infrastracture", "Infrastracture\Infrastracture.csproj", "{D6EF3F69-77B1-47F3-953A-A120D3479773}"
EndProject
Global
	GlobalSection(SolutionConfigurationPlatforms) = preSolution
		Debug|Any CPU = Debug|Any CPU
		Release|Any CPU = Release|Any CPU
	EndGlobalSection
	GlobalSection(ProjectConfigurationPlatforms) = postSolution
		{67657C99-D766-4FD3-BE83-1E0E4E67E04F}.Debug|Any CPU.ActiveCfg = Debug|Any CPU
		{67657C99-D766-4FD3-BE83-1E0E4E67E04F}.Debug|Any CPU.Build.0 = Debug|Any CPU
		{67657C99-D766-4FD3-BE83-1E0E4E67E04F}.Release|Any CPU.ActiveCfg = Release|Any CPU
		{67657C99-D766-4FD3-BE83-1E0E4E67E04F}.Release|Any CPU.Build.0 = Release|Any CPU
		{8595667C-DD34-40F4-B271-B49CDE9DED9C}.Debug|Any CPU.ActiveCfg = Debug|Any CPU
		{8595667C-DD34-40F4-B271-B49CDE9DED9C}.Debug|Any CPU.Build.0 = Debug|Any CPU
		{8595667C-DD34-40F4-B271-B49CDE9DED9C}.Release|Any CPU.ActiveCfg = Release|Any CPU
		{8595667C-DD34-40F4-B271-B49CDE9DED9C}.Release|Any CPU.Build.0 = Release|Any CPU
		{4190537B-430F-4CC1-B3D6-A7F2B7CC42EC}.Debug|Any CPU.ActiveCfg = Debug|Any CPU
		{4190537B-430F-4CC1-B3D6-A7F2B7CC42EC}.Debug|Any CPU.Build.0 = Debug|Any CPU
		{4190537B-430F-4CC1-B3D6-A7F2B7CC42EC}.Release|Any CPU.ActiveCfg = Release|Any CPU
		{4190537B-430F-4CC1-B3D6-A7F2B7CC42EC}.Release|Any CPU.Build.0 = Release|Any CPU
		{DD0DFEB2-CC9A-4348-886A-3926ADD1F838}.Debug|Any CPU.ActiveCfg = Debug|Any CPU
		{DD0DFEB2-CC9A-4348-886A-3926ADD1F838}.Debug|Any CPU.Build.0 = Debug|Any CPU
		{DD0DFEB2-CC9A-4348-886A-3926ADD1F838}.Release|Any CPU.ActiveCfg = Release|Any CPU
		{DD0DFEB2-CC9A-4348-886A-3926ADD1F838}.Release|Any CPU.Build.0 = Release|Any CPU
		{D6EF3F69-77B1-47F3-953A-A120D3479773}.Debug|Any CPU.ActiveCfg = Debug|Any CPU
		{D6EF3F69-77B1-47F3-953A-A120D3479773}.Debug|Any CPU.Build.0 = Debug|Any CPU
		{D6EF3F69-77B1-47F3-953A-A120D3479773}.Release|Any CPU.ActiveCfg = Release|Any CPU
		{D6EF3F69-77B1-47F3-953A-A120D3479773}.Release|Any CPU.Build.0 = Release|Any CPU
	EndGlobalSection
	GlobalSection(SolutionProperties) = preSolution
		HideSolutionNode = FALSE
	EndGlobalSection
	GlobalSection(ExtensibilityGlobals) = postSolution
		SolutionGuid = {F9B89FC7-EB00-4532-8750-0DD79A8D919F}
	EndGlobalSection
EndGlobal
